
Microsoft Visual Studio Solution File, Format Version 12.00
# Visual Studio 15
VisualStudioVersion = 15.0.27428.2037
MinimumVisualStudioVersion = 10.0.40219.1
Project("{FAE04EC0-301F-11D3-BF4B-00C04F79EFBC}") = "ArrayAndTulpe", "ArrayAndTulpe\ArrayAndTulpe.csproj", "{351208AA-BAF3-42E9-B4B6-AB306F9A5F55}"
EndProject
Project("{FAE04EC0-301F-11D3-BF4B-00C04F79EFBC}") = "CollectionTest", "CollectionTest\CollectionTest.csproj", "{B97FDDCD-CDC5-48F2-B2F7-52CF486BA025}"
EndProject
Project("{FAE04EC0-301F-11D3-BF4B-00C04F79EFBC}") = "SpecialCollectionTest", "SpecialCollectionTest\SpecialCollectionTest.csproj", "{7D266E9E-E0CF-4E23-A47A-891147F9EA45}"
EndProject
Project("{FAE04EC0-301F-11D3-BF4B-00C04F79EFBC}") = "LinqTest", "LinqTest\LinqTest.csproj", "{E946D011-6285-4E66-96B3-4881C1061E34}"
EndProject
Project("{FAE04EC0-301F-11D3-BF4B-00C04F79EFBC}") = "ExpressionTreeTest", "ExpressionTreeTest\ExpressionTreeTest.csproj", "{C9756410-E98F-485D-ACD2-8C1094441CEC}"
EndProject
Project("{FAE04EC0-301F-11D3-BF4B-00C04F79EFBC}") = "WinFormTest", "WinFormTest\WinFormTest.csproj", "{E0848D4E-6174-4DDC-818F-59DD200239C8}"
EndProject
Project("{FAE04EC0-301F-11D3-BF4B-00C04F79EFBC}") = "AsyncProgram", "AsyncProgram\AsyncProgram.csproj", "{B9F3DA27-D22F-4195-8293-4DF26E130305}"
EndProject
Project("{FAE04EC0-301F-11D3-BF4B-00C04F79EFBC}") = "MutexTest", "MutexTest\MutexTest.csproj", "{61A3993A-4741-4407-A83C-D0A13FE8B6E1}"
EndProject
Global
	GlobalSection(SolutionConfigurationPlatforms) = preSolution
		Debug|Any CPU = Debug|Any CPU
		Release|Any CPU = Release|Any CPU
	EndGlobalSection
	GlobalSection(ProjectConfigurationPlatforms) = postSolution
		{351208AA-BAF3-42E9-B4B6-AB306F9A5F55}.Debug|Any CPU.ActiveCfg = Debug|Any CPU
		{351208AA-BAF3-42E9-B4B6-AB306F9A5F55}.Debug|Any CPU.Build.0 = Debug|Any CPU
		{351208AA-BAF3-42E9-B4B6-AB306F9A5F55}.Release|Any CPU.ActiveCfg = Release|Any CPU
		{351208AA-BAF3-42E9-B4B6-AB306F9A5F55}.Release|Any CPU.Build.0 = Release|Any CPU
		{B97FDDCD-CDC5-48F2-B2F7-52CF486BA025}.Debug|Any CPU.ActiveCfg = Debug|Any CPU
		{B97FDDCD-CDC5-48F2-B2F7-52CF486BA025}.Debug|Any CPU.Build.0 = Debug|Any CPU
		{B97FDDCD-CDC5-48F2-B2F7-52CF486BA025}.Release|Any CPU.ActiveCfg = Release|Any CPU
		{B97FDDCD-CDC5-48F2-B2F7-52CF486BA025}.Release|Any CPU.Build.0 = Release|Any CPU
		{7D266E9E-E0CF-4E23-A47A-891147F9EA45}.Debug|Any CPU.ActiveCfg = Debug|Any CPU
		{7D266E9E-E0CF-4E23-A47A-891147F9EA45}.Debug|Any CPU.Build.0 = Debug|Any CPU
		{7D266E9E-E0CF-4E23-A47A-891147F9EA45}.Release|Any CPU.ActiveCfg = Release|Any CPU
		{7D266E9E-E0CF-4E23-A47A-891147F9EA45}.Release|Any CPU.Build.0 = Release|Any CPU
		{E946D011-6285-4E66-96B3-4881C1061E34}.Debug|Any CPU.ActiveCfg = Debug|Any CPU
		{E946D011-6285-4E66-96B3-4881C1061E34}.Debug|Any CPU.Build.0 = Debug|Any CPU
		{E946D011-6285-4E66-96B3-4881C1061E34}.Release|Any CPU.ActiveCfg = Release|Any CPU
		{E946D011-6285-4E66-96B3-4881C1061E34}.Release|Any CPU.Build.0 = Release|Any CPU
		{C9756410-E98F-485D-ACD2-8C1094441CEC}.Debug|Any CPU.ActiveCfg = Debug|Any CPU
		{C9756410-E98F-485D-ACD2-8C1094441CEC}.Debug|Any CPU.Build.0 = Debug|Any CPU
		{C9756410-E98F-485D-ACD2-8C1094441CEC}.Release|Any CPU.ActiveCfg = Release|Any CPU
		{C9756410-E98F-485D-ACD2-8C1094441CEC}.Release|Any CPU.Build.0 = Release|Any CPU
		{E0848D4E-6174-4DDC-818F-59DD200239C8}.Debug|Any CPU.ActiveCfg = Debug|Any CPU
		{E0848D4E-6174-4DDC-818F-59DD200239C8}.Debug|Any CPU.Build.0 = Debug|Any CPU
		{E0848D4E-6174-4DDC-818F-59DD200239C8}.Release|Any CPU.ActiveCfg = Release|Any CPU
		{E0848D4E-6174-4DDC-818F-59DD200239C8}.Release|Any CPU.Build.0 = Release|Any CPU
		{B9F3DA27-D22F-4195-8293-4DF26E130305}.Debug|Any CPU.ActiveCfg = Debug|Any CPU
		{B9F3DA27-D22F-4195-8293-4DF26E130305}.Debug|Any CPU.Build.0 = Debug|Any CPU
		{B9F3DA27-D22F-4195-8293-4DF26E130305}.Release|Any CPU.ActiveCfg = Release|Any CPU
		{B9F3DA27-D22F-4195-8293-4DF26E130305}.Release|Any CPU.Build.0 = Release|Any CPU
		{61A3993A-4741-4407-A83C-D0A13FE8B6E1}.Debug|Any CPU.ActiveCfg = Debug|Any CPU
		{61A3993A-4741-4407-A83C-D0A13FE8B6E1}.Debug|Any CPU.Build.0 = Debug|Any CPU
		{61A3993A-4741-4407-A83C-D0A13FE8B6E1}.Release|Any CPU.ActiveCfg = Release|Any CPU
		{61A3993A-4741-4407-A83C-D0A13FE8B6E1}.Release|Any CPU.Build.0 = Release|Any CPU
	EndGlobalSection
	GlobalSection(SolutionProperties) = preSolution
		HideSolutionNode = FALSE
	EndGlobalSection
	GlobalSection(ExtensibilityGlobals) = postSolution
		SolutionGuid = {D3A60D60-B517-4B44-A71C-0E44C3817A70}
	EndGlobalSection
EndGlobal
